
Microsoft Visual Studio Solution File, Format Version 12.00
# Visual Studio Version 17
VisualStudioVersion = 17.11.35222.181
MinimumVisualStudioVersion = 10.0.40219.1
Project("{9A19103F-16F7-4668-BE54-9A1E7A4F7556}") = "SecretSantaTest", "SecretSantaTest\SecretSantaTest.csproj", "{E90BFF14-C2EE-4A63-9C9C-F2B9610DB201}"
EndProject
Project("{9A19103F-16F7-4668-BE54-9A1E7A4F7556}") = "SecretSantaAPI", "SecretSantaAPI\SecretSantaAPI.csproj", "{BED14DA8-A036-437E-8CAD-38E9F5473C51}"
EndProject
Project("{9A19103F-16F7-4668-BE54-9A1E7A4F7556}") = "DataAccess", "DataAccess\DataAccess.csproj", "{2ECF442B-BBCE-4AB6-9D83-B47E37081C43}"
EndProject
Project("{9A19103F-16F7-4668-BE54-9A1E7A4F7556}") = "Business", "Business\Business.csproj", "{3E25E069-DD16-470F-96BC-CD9243B2A13F}"
EndProject
Global
	GlobalSection(SolutionConfigurationPlatforms) = preSolution
		Debug|Any CPU = Debug|Any CPU
		Release|Any CPU = Release|Any CPU
	EndGlobalSection
	GlobalSection(ProjectConfigurationPlatforms) = postSolution
		{E90BFF14-C2EE-4A63-9C9C-F2B9610DB201}.Debug|Any CPU.ActiveCfg = Debug|Any CPU
		{E90BFF14-C2EE-4A63-9C9C-F2B9610DB201}.Debug|Any CPU.Build.0 = Debug|Any CPU
		{E90BFF14-C2EE-4A63-9C9C-F2B9610DB201}.Release|Any CPU.ActiveCfg = Release|Any CPU
		{E90BFF14-C2EE-4A63-9C9C-F2B9610DB201}.Release|Any CPU.Build.0 = Release|Any CPU
		{BED14DA8-A036-437E-8CAD-38E9F5473C51}.Debug|Any CPU.ActiveCfg = Debug|Any CPU
		{BED14DA8-A036-437E-8CAD-38E9F5473C51}.Debug|Any CPU.Build.0 = Debug|Any CPU
		{BED14DA8-A036-437E-8CAD-38E9F5473C51}.Release|Any CPU.ActiveCfg = Release|Any CPU
		{BED14DA8-A036-437E-8CAD-38E9F5473C51}.Release|Any CPU.Build.0 = Release|Any CPU
		{2ECF442B-BBCE-4AB6-9D83-B47E37081C43}.Debug|Any CPU.ActiveCfg = Debug|Any CPU
		{2ECF442B-BBCE-4AB6-9D83-B47E37081C43}.Debug|Any CPU.Build.0 = Debug|Any CPU
		{2ECF442B-BBCE-4AB6-9D83-B47E37081C43}.Release|Any CPU.ActiveCfg = Release|Any CPU
		{2ECF442B-BBCE-4AB6-9D83-B47E37081C43}.Release|Any CPU.Build.0 = Release|Any CPU
		{3E25E069-DD16-470F-96BC-CD9243B2A13F}.Debug|Any CPU.ActiveCfg = Debug|Any CPU
		{3E25E069-DD16-470F-96BC-CD9243B2A13F}.Debug|Any CPU.Build.0 = Debug|Any CPU
		{3E25E069-DD16-470F-96BC-CD9243B2A13F}.Release|Any CPU.ActiveCfg = Release|Any CPU
		{3E25E069-DD16-470F-96BC-CD9243B2A13F}.Release|Any CPU.Build.0 = Release|Any CPU
	EndGlobalSection
	GlobalSection(SolutionProperties) = preSolution
		HideSolutionNode = FALSE
	EndGlobalSection
	GlobalSection(ExtensibilityGlobals) = postSolution
		SolutionGuid = {13E78708-5FC5-4C85-B9FE-56973DC74290}
	EndGlobalSection
EndGlobal
